// !$*UTF8*$!
{
	archiveVersion = 1;
	classes = {
	};
	objectVersion = 46;
	objects = {

/* Begin PBXBuildFile section */
		313DFD4A75BD6CBC157437C3 /* Pods_Ecity.framework in Frameworks */ = {isa = PBXBuildFile; fileRef = 3D81D6C75E68FEA7B16AB68C /* Pods_Ecity.framework */; };
		B207E0851EB02EF600BE08E8 /* UILoginViewController.swift in Sources */ = {isa = PBXBuildFile; fileRef = B207E0841EB02EF600BE08E8 /* UILoginViewController.swift */; };
		B207E0871EB02F1200BE08E8 /* UIRootViewController.swift in Sources */ = {isa = PBXBuildFile; fileRef = B207E0861EB02F1200BE08E8 /* UIRootViewController.swift */; };
		B207E0CB1EB042AA00BE08E8 /* arrow_d1@2x.png in Resources */ = {isa = PBXBuildFile; fileRef = B207E08C1EB042AA00BE08E8 /* arrow_d1@2x.png */; };
		B207E0CC1EB042AA00BE08E8 /* arrow_d2@2x.png in Resources */ = {isa = PBXBuildFile; fileRef = B207E08D1EB042AA00BE08E8 /* arrow_d2@2x.png */; };
		B207E0CD1EB042AA00BE08E8 /* arrow_slt.png in Resources */ = {isa = PBXBuildFile; fileRef = B207E08E1EB042AA00BE08E8 /* arrow_slt.png */; };
		B207E0CE1EB042AA00BE08E8 /* back@2x.png in Resources */ = {isa = PBXBuildFile; fileRef = B207E08F1EB042AA00BE08E8 /* back@2x.png */; };
		B207E0CF1EB042AA00BE08E8 /* bg@2x.png in Resources */ = {isa = PBXBuildFile; fileRef = B207E0901EB042AA00BE08E8 /* bg@2x.png */; };
		B207E0D01EB042AA00BE08E8 /* bottom_fuj@2x.png in Resources */ = {isa = PBXBuildFile; fileRef = B207E0911EB042AA00BE08E8 /* bottom_fuj@2x.png */; };
		B207E0D11EB042AA00BE08E8 /* bottom_job@2x.png in Resources */ = {isa = PBXBuildFile; fileRef = B207E0921EB042AA00BE08E8 /* bottom_job@2x.png */; };
		B207E0D21EB042AA00BE08E8 /* bottom_per@3x.png in Resources */ = {isa = PBXBuildFile; fileRef = B207E0931EB042AA00BE08E8 /* bottom_per@3x.png */; };
		B207E0D31EB042AA00BE08E8 /* bottom_project@3x.png in Resources */ = {isa = PBXBuildFile; fileRef = B207E0941EB042AA00BE08E8 /* bottom_project@3x.png */; };
		B207E0D41EB042AA00BE08E8 /* bottom_talk@2x.png in Resources */ = {isa = PBXBuildFile; fileRef = B207E0951EB042AA00BE08E8 /* bottom_talk@2x.png */; };
		B207E0D51EB042AA00BE08E8 /* bottom_work@3x.png in Resources */ = {isa = PBXBuildFile; fileRef = B207E0961EB042AA00BE08E8 /* bottom_work@3x.png */; };
		B207E0D61EB042AA00BE08E8 /* btn_login@2x.png in Resources */ = {isa = PBXBuildFile; fileRef = B207E0971EB042AA00BE08E8 /* btn_login@2x.png */; };
		B207E0D71EB042AA00BE08E8 /* call@3x.png in Resources */ = {isa = PBXBuildFile; fileRef = B207E0981EB042AA00BE08E8 /* call@3x.png */; };
		B207E0D81EB042AA00BE08E8 /* choose_sub@2x.png in Resources */ = {isa = PBXBuildFile; fileRef = B207E0991EB042AA00BE08E8 /* choose_sub@2x.png */; };
		B207E0D91EB042AA00BE08E8 /* choose_top.png in Resources */ = {isa = PBXBuildFile; fileRef = B207E09A1EB042AA00BE08E8 /* choose_top.png */; };
		B207E0DA1EB042AA00BE08E8 /* empty.png in Resources */ = {isa = PBXBuildFile; fileRef = B207E09B1EB042AA00BE08E8 /* empty.png */; };
		B207E0DB1EB042AA00BE08E8 /* fuj2@2x.png in Resources */ = {isa = PBXBuildFile; fileRef = B207E09C1EB042AA00BE08E8 /* fuj2@2x.png */; };
		B207E0DC1EB042AA00BE08E8 /* fuj@2x.png in Resources */ = {isa = PBXBuildFile; fileRef = B207E09D1EB042AA00BE08E8 /* fuj@2x.png */; };
		B207E0DD1EB042AA00BE08E8 /* icon_local_01@2x.png in Resources */ = {isa = PBXBuildFile; fileRef = B207E09E1EB042AA00BE08E8 /* icon_local_01@2x.png */; };
		B207E0DE1EB042AA00BE08E8 /* icon_local_02@2x.png in Resources */ = {isa = PBXBuildFile; fileRef = B207E09F1EB042AA00BE08E8 /* icon_local_02@2x.png */; };
		B207E0DF1EB042AA00BE08E8 /* icon_logo@3x.png in Resources */ = {isa = PBXBuildFile; fileRef = B207E0A01EB042AA00BE08E8 /* icon_logo@3x.png */; };
		B207E0E01EB042AA00BE08E8 /* icon_set01@2x.png in Resources */ = {isa = PBXBuildFile; fileRef = B207E0A11EB042AA00BE08E8 /* icon_set01@2x.png */; };
		B207E0E11EB042AA00BE08E8 /* inputbox@2x.png in Resources */ = {isa = PBXBuildFile; fileRef = B207E0A21EB042AA00BE08E8 /* inputbox@2x.png */; };
		B207E0E21EB042AA00BE08E8 /* job2@2x.png in Resources */ = {isa = PBXBuildFile; fileRef = B207E0A31EB042AA00BE08E8 /* job2@2x.png */; };
		B207E0E31EB042AA00BE08E8 /* job@2x.png in Resources */ = {isa = PBXBuildFile; fileRef = B207E0A41EB042AA00BE08E8 /* job@2x.png */; };
		B207E0E41EB042AA00BE08E8 /* list_mode@2x.png in Resources */ = {isa = PBXBuildFile; fileRef = B207E0A51EB042AA00BE08E8 /* list_mode@2x.png */; };
		B207E0E51EB042AA00BE08E8 /* list_user@2x.png in Resources */ = {isa = PBXBuildFile; fileRef = B207E0A61EB042AA00BE08E8 /* list_user@2x.png */; };
		B207E0E61EB042AA00BE08E8 /* local_pot@2x.png in Resources */ = {isa = PBXBuildFile; fileRef = B207E0A71EB042AA00BE08E8 /* local_pot@2x.png */; };
		B207E0E71EB042AA00BE08E8 /* logo@2x.png in Resources */ = {isa = PBXBuildFile; fileRef = B207E0A81EB042AA00BE08E8 /* logo@2x.png */; };
		B207E0E81EB042AA00BE08E8 /* map_zoom2@2x.png in Resources */ = {isa = PBXBuildFile; fileRef = B207E0A91EB042AA00BE08E8 /* map_zoom2@2x.png */; };
		B207E0E91EB042AA00BE08E8 /* map_zoom3@2x.png in Resources */ = {isa = PBXBuildFile; fileRef = B207E0AA1EB042AA00BE08E8 /* map_zoom3@2x.png */; };
		B207E0EA1EB042AA00BE08E8 /* map_zoom@2x.png in Resources */ = {isa = PBXBuildFile; fileRef = B207E0AB1EB042AA00BE08E8 /* map_zoom@2x.png */; };
		B207E0EB1EB042AA00BE08E8 /* p_qz.png in Resources */ = {isa = PBXBuildFile; fileRef = B207E0AC1EB042AA00BE08E8 /* p_qz.png */; };
		B207E0EC1EB042AA00BE08E8 /* password@2x.png in Resources */ = {isa = PBXBuildFile; fileRef = B207E0AD1EB042AA00BE08E8 /* password@2x.png */; };
		B207E0ED1EB042AA00BE08E8 /* phoneCall.png in Resources */ = {isa = PBXBuildFile; fileRef = B207E0AE1EB042AA00BE08E8 /* phoneCall.png */; };
		B207E0EE1EB042AA00BE08E8 /* photo_mr@3x.jpg in Resources */ = {isa = PBXBuildFile; fileRef = B207E0AF1EB042AA00BE08E8 /* photo_mr@3x.jpg */; };
		B207E0EF1EB042AA00BE08E8 /* project_all2@2x.png in Resources */ = {isa = PBXBuildFile; fileRef = B207E0B01EB042AA00BE08E8 /* project_all2@2x.png */; };
		B207E0F01EB042AA00BE08E8 /* project_all@2x.png in Resources */ = {isa = PBXBuildFile; fileRef = B207E0B11EB042AA00BE08E8 /* project_all@2x.png */; };
		B207E0F11EB042AA00BE08E8 /* project_build@2x.png in Resources */ = {isa = PBXBuildFile; fileRef = B207E0B21EB042AA00BE08E8 /* project_build@2x.png */; };
		B207E0F21EB042AA00BE08E8 /* project_land@2x.png in Resources */ = {isa = PBXBuildFile; fileRef = B207E0B31EB042AA00BE08E8 /* project_land@2x.png */; };
		B207E0F31EB042AA00BE08E8 /* project_nor@2x.png in Resources */ = {isa = PBXBuildFile; fileRef = B207E0B41EB042AA00BE08E8 /* project_nor@2x.png */; };
		B207E0F41EB042AA00BE08E8 /* project_normal@2x.png in Resources */ = {isa = PBXBuildFile; fileRef = B207E0B51EB042AA00BE08E8 /* project_normal@2x.png */; };
		B207E0F51EB042AA00BE08E8 /* project_other@2x.png in Resources */ = {isa = PBXBuildFile; fileRef = B207E0B61EB042AA00BE08E8 /* project_other@2x.png */; };
		B207E0F61EB042AA00BE08E8 /* project_river@2x.png in Resources */ = {isa = PBXBuildFile; fileRef = B207E0B71EB042AA00BE08E8 /* project_river@2x.png */; };
		B207E0F71EB042AA00BE08E8 /* project_road@2x.png in Resources */ = {isa = PBXBuildFile; fileRef = B207E0B81EB042AA00BE08E8 /* project_road@2x.png */; };
		B207E0F81EB042AA00BE08E8 /* project_slct@2x.png in Resources */ = {isa = PBXBuildFile; fileRef = B207E0B91EB042AA00BE08E8 /* project_slct@2x.png */; };
		B207E0F91EB042AA00BE08E8 /* project_warn@2x.png in Resources */ = {isa = PBXBuildFile; fileRef = B207E0BA1EB042AA00BE08E8 /* project_warn@2x.png */; };
		B207E0FA1EB042AA00BE08E8 /* project_warnning@2x.png in Resources */ = {isa = PBXBuildFile; fileRef = B207E0BB1EB042AA00BE08E8 /* project_warnning@2x.png */; };
		B207E0FB1EB042AA00BE08E8 /* radio_check@2x.png in Resources */ = {isa = PBXBuildFile; fileRef = B207E0BC1EB042AA00BE08E8 /* radio_check@2x.png */; };
		B207E0FC1EB042AA00BE08E8 /* radio_normal@2x.png in Resources */ = {isa = PBXBuildFile; fileRef = B207E0BD1EB042AA00BE08E8 /* radio_normal@2x.png */; };
		B207E0FD1EB042AA00BE08E8 /* sch_bar@2x.png in Resources */ = {isa = PBXBuildFile; fileRef = B207E0BE1EB042AA00BE08E8 /* sch_bar@2x.png */; };
		B207E0FE1EB042AA00BE08E8 /* sch_icon@2x.png in Resources */ = {isa = PBXBuildFile; fileRef = B207E0BF1EB042AA00BE08E8 /* sch_icon@2x.png */; };
		B207E0FF1EB042AA00BE08E8 /* screen@2x.png in Resources */ = {isa = PBXBuildFile; fileRef = B207E0C01EB042AA00BE08E8 /* screen@2x.png */; };
		B207E1001EB042AA00BE08E8 /* tag_01@2x.png in Resources */ = {isa = PBXBuildFile; fileRef = B207E0C11EB042AA00BE08E8 /* tag_01@2x.png */; };
		B207E1011EB042AA00BE08E8 /* tag_02@2x.png in Resources */ = {isa = PBXBuildFile; fileRef = B207E0C21EB042AA00BE08E8 /* tag_02@2x.png */; };
		B207E1021EB042AA00BE08E8 /* tag_03@2x.png in Resources */ = {isa = PBXBuildFile; fileRef = B207E0C31EB042AA00BE08E8 /* tag_03@2x.png */; };
		B207E1031EB042AA00BE08E8 /* tag_04@2x.png in Resources */ = {isa = PBXBuildFile; fileRef = B207E0C41EB042AA00BE08E8 /* tag_04@2x.png */; };
		B207E1041EB042AA00BE08E8 /* talk2@2x.png in Resources */ = {isa = PBXBuildFile; fileRef = B207E0C51EB042AA00BE08E8 /* talk2@2x.png */; };
		B207E1051EB042AA00BE08E8 /* talk@2x.png in Resources */ = {isa = PBXBuildFile; fileRef = B207E0C61EB042AA00BE08E8 /* talk@2x.png */; };
		B207E1061EB042AA00BE08E8 /* tools@2x.png in Resources */ = {isa = PBXBuildFile; fileRef = B207E0C71EB042AA00BE08E8 /* tools@2x.png */; };
		B207E1071EB042AA00BE08E8 /* user@2x.png in Resources */ = {isa = PBXBuildFile; fileRef = B207E0C81EB042AA00BE08E8 /* user@2x.png */; };
		B207E1081EB042AA00BE08E8 /* worker@3x.png in Resources */ = {isa = PBXBuildFile; fileRef = B207E0C91EB042AA00BE08E8 /* worker@3x.png */; };
		B207E1091EB042AA00BE08E8 /* 未读@2x.png in Resources */ = {isa = PBXBuildFile; fileRef = B207E0CA1EB042AA00BE08E8 /* 未读@2x.png */; };
		B278D6D11EB07BC000A5E95D /* Ecity_Protocol.swift in Sources */ = {isa = PBXBuildFile; fileRef = B278D6D01EB07BC000A5E95D /* Ecity_Protocol.swift */; };
		B278D6D31EB07C6300A5E95D /* BaseNetWorkManager.swift in Sources */ = {isa = PBXBuildFile; fileRef = B278D6D21EB07C6300A5E95D /* BaseNetWorkManager.swift */; };
		B2D440321EB188C0003FD860 /* NSUserDefaults+EcityDefaults.swift in Sources */ = {isa = PBXBuildFile; fileRef = B2D440311EB188C0003FD860 /* NSUserDefaults+EcityDefaults.swift */; };
		B2D440341EB19386003FD860 /* BaseMacroDefine.swift in Sources */ = {isa = PBXBuildFile; fileRef = B2D440331EB19386003FD860 /* BaseMacroDefine.swift */; };
		B2F535721EAEF08900FD3428 /* UIMainViewController.swift in Sources */ = {isa = PBXBuildFile; fileRef = B2F535711EAEF08900FD3428 /* UIMainViewController.swift */; };
		B2F535741EAEF13100FD3428 /* UIProjectListViewController.swift in Sources */ = {isa = PBXBuildFile; fileRef = B2F535731EAEF13100FD3428 /* UIProjectListViewController.swift */; };
		B2F535761EAEF17000FD3428 /* UIWorkViewController.swift in Sources */ = {isa = PBXBuildFile; fileRef = B2F535751EAEF17000FD3428 /* UIWorkViewController.swift */; };
		B2F535781EAEF18200FD3428 /* UIContactViewController.swift in Sources */ = {isa = PBXBuildFile; fileRef = B2F535771EAEF18200FD3428 /* UIContactViewController.swift */; };
		B2F5357A1EAEF19100FD3428 /* UIMineViewController.swift in Sources */ = {isa = PBXBuildFile; fileRef = B2F535791EAEF19100FD3428 /* UIMineViewController.swift */; };
		B2F535851EAF15E200FD3428 /* FirstRunManager.swift in Sources */ = {isa = PBXBuildFile; fileRef = B2F535841EAF15E200FD3428 /* FirstRunManager.swift */; };
		B2F535961EAF2E4E00FD3428 /* Project.swift in Sources */ = {isa = PBXBuildFile; fileRef = B2F535951EAF2E4E00FD3428 /* Project.swift */; };
		B2FBD5E21EAEEE610048E683 /* AppDelegate.swift in Sources */ = {isa = PBXBuildFile; fileRef = B2FBD5E11EAEEE610048E683 /* AppDelegate.swift */; };
		B2FBD5E71EAEEE610048E683 /* Main.storyboard in Resources */ = {isa = PBXBuildFile; fileRef = B2FBD5E51EAEEE610048E683 /* Main.storyboard */; };
		B2FBD5E91EAEEE610048E683 /* Assets.xcassets in Resources */ = {isa = PBXBuildFile; fileRef = B2FBD5E81EAEEE610048E683 /* Assets.xcassets */; };
		B2FBD5EC1EAEEE610048E683 /* LaunchScreen.storyboard in Resources */ = {isa = PBXBuildFile; fileRef = B2FBD5EA1EAEEE610048E683 /* LaunchScreen.storyboard */; };
		B2FBD5F71EAEEE610048E683 /* EcityTests.swift in Sources */ = {isa = PBXBuildFile; fileRef = B2FBD5F61EAEEE610048E683 /* EcityTests.swift */; };
		B2FBD6021EAEEE610048E683 /* EcityUITests.swift in Sources */ = {isa = PBXBuildFile; fileRef = B2FBD6011EAEEE610048E683 /* EcityUITests.swift */; };
/* End PBXBuildFile section */

/* Begin PBXContainerItemProxy section */
		B2FBD5F31EAEEE610048E683 /* PBXContainerItemProxy */ = {
			isa = PBXContainerItemProxy;
			containerPortal = B2FBD5D61EAEEE610048E683 /* Project object */;
			proxyType = 1;
			remoteGlobalIDString = B2FBD5DD1EAEEE610048E683;
			remoteInfo = Ecity;
		};
		B2FBD5FE1EAEEE610048E683 /* PBXContainerItemProxy */ = {
			isa = PBXContainerItemProxy;
			containerPortal = B2FBD5D61EAEEE610048E683 /* Project object */;
			proxyType = 1;
			remoteGlobalIDString = B2FBD5DD1EAEEE610048E683;
			remoteInfo = Ecity;
		};
/* End PBXContainerItemProxy section */

/* Begin PBXFileReference section */
		3D81D6C75E68FEA7B16AB68C /* Pods_Ecity.framework */ = {isa = PBXFileReference; explicitFileType = wrapper.framework; includeInIndex = 0; path = Pods_Ecity.framework; sourceTree = BUILT_PRODUCTS_DIR; };
		A38E4905E4F248C7BB0BF05C /* Pods-Ecity.debug.xcconfig */ = {isa = PBXFileReference; includeInIndex = 1; lastKnownFileType = text.xcconfig; name = "Pods-Ecity.debug.xcconfig"; path = "Pods/Target Support Files/Pods-Ecity/Pods-Ecity.debug.xcconfig"; sourceTree = "<group>"; };
		AA0CD039D16F58B176F046A3 /* Pods-Ecity.release.xcconfig */ = {isa = PBXFileReference; includeInIndex = 1; lastKnownFileType = text.xcconfig; name = "Pods-Ecity.release.xcconfig"; path = "Pods/Target Support Files/Pods-Ecity/Pods-Ecity.release.xcconfig"; sourceTree = "<group>"; };
		B207E0841EB02EF600BE08E8 /* UILoginViewController.swift */ = {isa = PBXFileReference; fileEncoding = 4; lastKnownFileType = sourcecode.swift; path = UILoginViewController.swift; sourceTree = "<group>"; };
		B207E0861EB02F1200BE08E8 /* UIRootViewController.swift */ = {isa = PBXFileReference; fileEncoding = 4; lastKnownFileType = sourcecode.swift; path = UIRootViewController.swift; sourceTree = "<group>"; };
		B207E08C1EB042AA00BE08E8 /* arrow_d1@2x.png */ = {isa = PBXFileReference; lastKnownFileType = image.png; path = "arrow_d1@2x.png"; sourceTree = "<group>"; };
		B207E08D1EB042AA00BE08E8 /* arrow_d2@2x.png */ = {isa = PBXFileReference; lastKnownFileType = image.png; path = "arrow_d2@2x.png"; sourceTree = "<group>"; };
		B207E08E1EB042AA00BE08E8 /* arrow_slt.png */ = {isa = PBXFileReference; lastKnownFileType = image.png; path = arrow_slt.png; sourceTree = "<group>"; };
		B207E08F1EB042AA00BE08E8 /* back@2x.png */ = {isa = PBXFileReference; lastKnownFileType = image.png; path = "back@2x.png"; sourceTree = "<group>"; };
		B207E0901EB042AA00BE08E8 /* bg@2x.png */ = {isa = PBXFileReference; lastKnownFileType = image.png; path = "bg@2x.png"; sourceTree = "<group>"; };
		B207E0911EB042AA00BE08E8 /* bottom_fuj@2x.png */ = {isa = PBXFileReference; lastKnownFileType = image.png; path = "bottom_fuj@2x.png"; sourceTree = "<group>"; };
		B207E0921EB042AA00BE08E8 /* bottom_job@2x.png */ = {isa = PBXFileReference; lastKnownFileType = image.png; path = "bottom_job@2x.png"; sourceTree = "<group>"; };
		B207E0931EB042AA00BE08E8 /* bottom_per@3x.png */ = {isa = PBXFileReference; lastKnownFileType = image.png; path = "bottom_per@3x.png"; sourceTree = "<group>"; };
		B207E0941EB042AA00BE08E8 /* bottom_project@3x.png */ = {isa = PBXFileReference; lastKnownFileType = image.png; path = "bottom_project@3x.png"; sourceTree = "<group>"; };
		B207E0951EB042AA00BE08E8 /* bottom_talk@2x.png */ = {isa = PBXFileReference; lastKnownFileType = image.png; path = "bottom_talk@2x.png"; sourceTree = "<group>"; };
		B207E0961EB042AA00BE08E8 /* bottom_work@3x.png */ = {isa = PBXFileReference; lastKnownFileType = image.png; path = "bottom_work@3x.png"; sourceTree = "<group>"; };
		B207E0971EB042AA00BE08E8 /* btn_login@2x.png */ = {isa = PBXFileReference; lastKnownFileType = image.png; path = "btn_login@2x.png"; sourceTree = "<group>"; };
		B207E0981EB042AA00BE08E8 /* call@3x.png */ = {isa = PBXFileReference; lastKnownFileType = image.png; path = "call@3x.png"; sourceTree = "<group>"; };
		B207E0991EB042AA00BE08E8 /* choose_sub@2x.png */ = {isa = PBXFileReference; lastKnownFileType = image.png; path = "choose_sub@2x.png"; sourceTree = "<group>"; };
		B207E09A1EB042AA00BE08E8 /* choose_top.png */ = {isa = PBXFileReference; lastKnownFileType = image.png; path = choose_top.png; sourceTree = "<group>"; };
		B207E09B1EB042AA00BE08E8 /* empty.png */ = {isa = PBXFileReference; lastKnownFileType = image.png; path = empty.png; sourceTree = "<group>"; };
		B207E09C1EB042AA00BE08E8 /* fuj2@2x.png */ = {isa = PBXFileReference; lastKnownFileType = image.png; path = "fuj2@2x.png"; sourceTree = "<group>"; };
		B207E09D1EB042AA00BE08E8 /* fuj@2x.png */ = {isa = PBXFileReference; lastKnownFileType = image.png; path = "fuj@2x.png"; sourceTree = "<group>"; };
		B207E09E1EB042AA00BE08E8 /* icon_local_01@2x.png */ = {isa = PBXFileReference; lastKnownFileType = image.png; path = "icon_local_01@2x.png"; sourceTree = "<group>"; };
		B207E09F1EB042AA00BE08E8 /* icon_local_02@2x.png */ = {isa = PBXFileReference; lastKnownFileType = image.png; path = "icon_local_02@2x.png"; sourceTree = "<group>"; };
		B207E0A01EB042AA00BE08E8 /* icon_logo@3x.png */ = {isa = PBXFileReference; lastKnownFileType = image.png; path = "icon_logo@3x.png"; sourceTree = "<group>"; };
		B207E0A11EB042AA00BE08E8 /* icon_set01@2x.png */ = {isa = PBXFileReference; lastKnownFileType = image.png; path = "icon_set01@2x.png"; sourceTree = "<group>"; };
		B207E0A21EB042AA00BE08E8 /* inputbox@2x.png */ = {isa = PBXFileReference; lastKnownFileType = image.png; path = "inputbox@2x.png"; sourceTree = "<group>"; };
		B207E0A31EB042AA00BE08E8 /* job2@2x.png */ = {isa = PBXFileReference; lastKnownFileType = image.png; path = "job2@2x.png"; sourceTree = "<group>"; };
		B207E0A41EB042AA00BE08E8 /* job@2x.png */ = {isa = PBXFileReference; lastKnownFileType = image.png; path = "job@2x.png"; sourceTree = "<group>"; };
		B207E0A51EB042AA00BE08E8 /* list_mode@2x.png */ = {isa = PBXFileReference; lastKnownFileType = image.png; path = "list_mode@2x.png"; sourceTree = "<group>"; };
		B207E0A61EB042AA00BE08E8 /* list_user@2x.png */ = {isa = PBXFileReference; lastKnownFileType = image.png; path = "list_user@2x.png"; sourceTree = "<group>"; };
		B207E0A71EB042AA00BE08E8 /* local_pot@2x.png */ = {isa = PBXFileReference; lastKnownFileType = image.png; path = "local_pot@2x.png"; sourceTree = "<group>"; };
		B207E0A81EB042AA00BE08E8 /* logo@2x.png */ = {isa = PBXFileReference; lastKnownFileType = image.png; path = "logo@2x.png"; sourceTree = "<group>"; };
		B207E0A91EB042AA00BE08E8 /* map_zoom2@2x.png */ = {isa = PBXFileReference; lastKnownFileType = image.png; path = "map_zoom2@2x.png"; sourceTree = "<group>"; };
		B207E0AA1EB042AA00BE08E8 /* map_zoom3@2x.png */ = {isa = PBXFileReference; lastKnownFileType = image.png; path = "map_zoom3@2x.png"; sourceTree = "<group>"; };
		B207E0AB1EB042AA00BE08E8 /* map_zoom@2x.png */ = {isa = PBXFileReference; lastKnownFileType = image.png; path = "map_zoom@2x.png"; sourceTree = "<group>"; };
		B207E0AC1EB042AA00BE08E8 /* p_qz.png */ = {isa = PBXFileReference; lastKnownFileType = image.png; path = p_qz.png; sourceTree = "<group>"; };
		B207E0AD1EB042AA00BE08E8 /* password@2x.png */ = {isa = PBXFileReference; lastKnownFileType = image.png; path = "password@2x.png"; sourceTree = "<group>"; };
		B207E0AE1EB042AA00BE08E8 /* phoneCall.png */ = {isa = PBXFileReference; lastKnownFileType = image.png; path = phoneCall.png; sourceTree = "<group>"; };
		B207E0AF1EB042AA00BE08E8 /* photo_mr@3x.jpg */ = {isa = PBXFileReference; lastKnownFileType = image.jpeg; path = "photo_mr@3x.jpg"; sourceTree = "<group>"; };
		B207E0B01EB042AA00BE08E8 /* project_all2@2x.png */ = {isa = PBXFileReference; lastKnownFileType = image.png; path = "project_all2@2x.png"; sourceTree = "<group>"; };
		B207E0B11EB042AA00BE08E8 /* project_all@2x.png */ = {isa = PBXFileReference; lastKnownFileType = image.png; path = "project_all@2x.png"; sourceTree = "<group>"; };
		B207E0B21EB042AA00BE08E8 /* project_build@2x.png */ = {isa = PBXFileReference; lastKnownFileType = image.png; path = "project_build@2x.png"; sourceTree = "<group>"; };
		B207E0B31EB042AA00BE08E8 /* project_land@2x.png */ = {isa = PBXFileReference; lastKnownFileType = image.png; path = "project_land@2x.png"; sourceTree = "<group>"; };
		B207E0B41EB042AA00BE08E8 /* project_nor@2x.png */ = {isa = PBXFileReference; lastKnownFileType = image.png; path = "project_nor@2x.png"; sourceTree = "<group>"; };
		B207E0B51EB042AA00BE08E8 /* project_normal@2x.png */ = {isa = PBXFileReference; lastKnownFileType = image.png; path = "project_normal@2x.png"; sourceTree = "<group>"; };
		B207E0B61EB042AA00BE08E8 /* project_other@2x.png */ = {isa = PBXFileReference; lastKnownFileType = image.png; path = "project_other@2x.png"; sourceTree = "<group>"; };
		B207E0B71EB042AA00BE08E8 /* project_river@2x.png */ = {isa = PBXFileReference; lastKnownFileType = image.png; path = "project_river@2x.png"; sourceTree = "<group>"; };
		B207E0B81EB042AA00BE08E8 /* project_road@2x.png */ = {isa = PBXFileReference; lastKnownFileType = image.png; path = "project_road@2x.png"; sourceTree = "<group>"; };
		B207E0B91EB042AA00BE08E8 /* project_slct@2x.png */ = {isa = PBXFileReference; lastKnownFileType = image.png; path = "project_slct@2x.png"; sourceTree = "<group>"; };
		B207E0BA1EB042AA00BE08E8 /* project_warn@2x.png */ = {isa = PBXFileReference; lastKnownFileType = image.png; path = "project_warn@2x.png"; sourceTree = "<group>"; };
		B207E0BB1EB042AA00BE08E8 /* project_warnning@2x.png */ = {isa = PBXFileReference; lastKnownFileType = image.png; path = "project_warnning@2x.png"; sourceTree = "<group>"; };
		B207E0BC1EB042AA00BE08E8 /* radio_check@2x.png */ = {isa = PBXFileReference; lastKnownFileType = image.png; path = "radio_check@2x.png"; sourceTree = "<group>"; };
		B207E0BD1EB042AA00BE08E8 /* radio_normal@2x.png */ = {isa = PBXFileReference; lastKnownFileType = image.png; path = "radio_normal@2x.png"; sourceTree = "<group>"; };
		B207E0BE1EB042AA00BE08E8 /* sch_bar@2x.png */ = {isa = PBXFileReference; lastKnownFileType = image.png; path = "sch_bar@2x.png"; sourceTree = "<group>"; };
		B207E0BF1EB042AA00BE08E8 /* sch_icon@2x.png */ = {isa = PBXFileReference; lastKnownFileType = image.png; path = "sch_icon@2x.png"; sourceTree = "<group>"; };
		B207E0C01EB042AA00BE08E8 /* screen@2x.png */ = {isa = PBXFileReference; lastKnownFileType = image.png; path = "screen@2x.png"; sourceTree = "<group>"; };
		B207E0C11EB042AA00BE08E8 /* tag_01@2x.png */ = {isa = PBXFileReference; lastKnownFileType = image.png; path = "tag_01@2x.png"; sourceTree = "<group>"; };
		B207E0C21EB042AA00BE08E8 /* tag_02@2x.png */ = {isa = PBXFileReference; lastKnownFileType = image.png; path = "tag_02@2x.png"; sourceTree = "<group>"; };
		B207E0C31EB042AA00BE08E8 /* tag_03@2x.png */ = {isa = PBXFileReference; lastKnownFileType = image.png; path = "tag_03@2x.png"; sourceTree = "<group>"; };
		B207E0C41EB042AA00BE08E8 /* tag_04@2x.png */ = {isa = PBXFileReference; lastKnownFileType = image.png; path = "tag_04@2x.png"; sourceTree = "<group>"; };
		B207E0C51EB042AA00BE08E8 /* talk2@2x.png */ = {isa = PBXFileReference; lastKnownFileType = image.png; path = "talk2@2x.png"; sourceTree = "<group>"; };
		B207E0C61EB042AA00BE08E8 /* talk@2x.png */ = {isa = PBXFileReference; lastKnownFileType = image.png; path = "talk@2x.png"; sourceTree = "<group>"; };
		B207E0C71EB042AA00BE08E8 /* tools@2x.png */ = {isa = PBXFileReference; lastKnownFileType = image.png; path = "tools@2x.png"; sourceTree = "<group>"; };
		B207E0C81EB042AA00BE08E8 /* user@2x.png */ = {isa = PBXFileReference; lastKnownFileType = image.png; path = "user@2x.png"; sourceTree = "<group>"; };
		B207E0C91EB042AA00BE08E8 /* worker@3x.png */ = {isa = PBXFileReference; lastKnownFileType = image.png; path = "worker@3x.png"; sourceTree = "<group>"; };
		B207E0CA1EB042AA00BE08E8 /* 未读@2x.png */ = {isa = PBXFileReference; lastKnownFileType = image.png; path = "未读@2x.png"; sourceTree = "<group>"; };
		B278D6D01EB07BC000A5E95D /* Ecity_Protocol.swift */ = {isa = PBXFileReference; fileEncoding = 4; lastKnownFileType = sourcecode.swift; path = Ecity_Protocol.swift; sourceTree = "<group>"; };
		B278D6D21EB07C6300A5E95D /* BaseNetWorkManager.swift */ = {isa = PBXFileReference; fileEncoding = 4; lastKnownFileType = sourcecode.swift; path = BaseNetWorkManager.swift; sourceTree = "<group>"; };
		B2D440311EB188C0003FD860 /* NSUserDefaults+EcityDefaults.swift */ = {isa = PBXFileReference; fileEncoding = 4; lastKnownFileType = sourcecode.swift; path = "NSUserDefaults+EcityDefaults.swift"; sourceTree = "<group>"; };
		B2D440331EB19386003FD860 /* BaseMacroDefine.swift */ = {isa = PBXFileReference; fileEncoding = 4; lastKnownFileType = sourcecode.swift; path = BaseMacroDefine.swift; sourceTree = "<group>"; };
		B2F535711EAEF08900FD3428 /* UIMainViewController.swift */ = {isa = PBXFileReference; fileEncoding = 4; lastKnownFileType = sourcecode.swift; path = UIMainViewController.swift; sourceTree = "<group>"; };
		B2F535731EAEF13100FD3428 /* UIProjectListViewController.swift */ = {isa = PBXFileReference; fileEncoding = 4; lastKnownFileType = sourcecode.swift; path = UIProjectListViewController.swift; sourceTree = "<group>"; };
		B2F535751EAEF17000FD3428 /* UIWorkViewController.swift */ = {isa = PBXFileReference; fileEncoding = 4; lastKnownFileType = sourcecode.swift; path = UIWorkViewController.swift; sourceTree = "<group>"; };
		B2F535771EAEF18200FD3428 /* UIContactViewController.swift */ = {isa = PBXFileReference; fileEncoding = 4; lastKnownFileType = sourcecode.swift; path = UIContactViewController.swift; sourceTree = "<group>"; };
		B2F535791EAEF19100FD3428 /* UIMineViewController.swift */ = {isa = PBXFileReference; fileEncoding = 4; lastKnownFileType = sourcecode.swift; path = UIMineViewController.swift; sourceTree = "<group>"; };
		B2F5357F1EAEF90100FD3428 /* Ecity-Bridging-Header.h */ = {isa = PBXFileReference; lastKnownFileType = sourcecode.c.h; path = "Ecity-Bridging-Header.h"; sourceTree = "<group>"; };
		B2F535841EAF15E200FD3428 /* FirstRunManager.swift */ = {isa = PBXFileReference; fileEncoding = 4; lastKnownFileType = sourcecode.swift; path = FirstRunManager.swift; sourceTree = "<group>"; };
		B2F5358F1EAF2A6B00FD3428 /* Ecity-PrefixHeader.pch */ = {isa = PBXFileReference; fileEncoding = 4; lastKnownFileType = sourcecode.c.h; path = "Ecity-PrefixHeader.pch"; sourceTree = SOURCE_ROOT; };
		B2F535951EAF2E4E00FD3428 /* Project.swift */ = {isa = PBXFileReference; fileEncoding = 4; lastKnownFileType = sourcecode.swift; path = Project.swift; sourceTree = "<group>"; };
		B2FBD5DE1EAEEE610048E683 /* Ecity.app */ = {isa = PBXFileReference; explicitFileType = wrapper.application; includeInIndex = 0; path = Ecity.app; sourceTree = BUILT_PRODUCTS_DIR; };
		B2FBD5E11EAEEE610048E683 /* AppDelegate.swift */ = {isa = PBXFileReference; lastKnownFileType = sourcecode.swift; path = AppDelegate.swift; sourceTree = "<group>"; };
		B2FBD5E61EAEEE610048E683 /* Base */ = {isa = PBXFileReference; lastKnownFileType = file.storyboard; name = Base; path = Base.lproj/Main.storyboard; sourceTree = "<group>"; };
		B2FBD5E81EAEEE610048E683 /* Assets.xcassets */ = {isa = PBXFileReference; lastKnownFileType = folder.assetcatalog; path = Assets.xcassets; sourceTree = "<group>"; };
		B2FBD5EB1EAEEE610048E683 /* Base */ = {isa = PBXFileReference; lastKnownFileType = file.storyboard; name = Base; path = Base.lproj/LaunchScreen.storyboard; sourceTree = "<group>"; };
		B2FBD5ED1EAEEE610048E683 /* Info.plist */ = {isa = PBXFileReference; lastKnownFileType = text.plist.xml; path = Info.plist; sourceTree = "<group>"; };
		B2FBD5F21EAEEE610048E683 /* EcityTests.xctest */ = {isa = PBXFileReference; explicitFileType = wrapper.cfbundle; includeInIndex = 0; path = EcityTests.xctest; sourceTree = BUILT_PRODUCTS_DIR; };
		B2FBD5F61EAEEE610048E683 /* EcityTests.swift */ = {isa = PBXFileReference; lastKnownFileType = sourcecode.swift; path = EcityTests.swift; sourceTree = "<group>"; };
		B2FBD5F81EAEEE610048E683 /* Info.plist */ = {isa = PBXFileReference; lastKnownFileType = text.plist.xml; path = Info.plist; sourceTree = "<group>"; };
		B2FBD5FD1EAEEE610048E683 /* EcityUITests.xctest */ = {isa = PBXFileReference; explicitFileType = wrapper.cfbundle; includeInIndex = 0; path = EcityUITests.xctest; sourceTree = BUILT_PRODUCTS_DIR; };
		B2FBD6011EAEEE610048E683 /* EcityUITests.swift */ = {isa = PBXFileReference; lastKnownFileType = sourcecode.swift; path = EcityUITests.swift; sourceTree = "<group>"; };
		B2FBD6031EAEEE610048E683 /* Info.plist */ = {isa = PBXFileReference; lastKnownFileType = text.plist.xml; path = Info.plist; sourceTree = "<group>"; };
/* End PBXFileReference section */

/* Begin PBXFrameworksBuildPhase section */
		B2FBD5DB1EAEEE610048E683 /* Frameworks */ = {
			isa = PBXFrameworksBuildPhase;
			buildActionMask = 2147483647;
			files = (
				313DFD4A75BD6CBC157437C3 /* Pods_Ecity.framework in Frameworks */,
			);
			runOnlyForDeploymentPostprocessing = 0;
		};
		B2FBD5EF1EAEEE610048E683 /* Frameworks */ = {
			isa = PBXFrameworksBuildPhase;
			buildActionMask = 2147483647;
			files = (
			);
			runOnlyForDeploymentPostprocessing = 0;
		};
		B2FBD5FA1EAEEE610048E683 /* Frameworks */ = {
			isa = PBXFrameworksBuildPhase;
			buildActionMask = 2147483647;
			files = (
			);
			runOnlyForDeploymentPostprocessing = 0;
		};
/* End PBXFrameworksBuildPhase section */

/* Begin PBXGroup section */
		689F64A9BB259AF4277A0B02 /* Frameworks */ = {
			isa = PBXGroup;
			children = (
				3D81D6C75E68FEA7B16AB68C /* Pods_Ecity.framework */,
			);
			name = Frameworks;
			sourceTree = "<group>";
		};
		A494A09AE36B9E322F80907C /* Pods */ = {
			isa = PBXGroup;
			children = (
				A38E4905E4F248C7BB0BF05C /* Pods-Ecity.debug.xcconfig */,
				AA0CD039D16F58B176F046A3 /* Pods-Ecity.release.xcconfig */,
			);
			name = Pods;
			sourceTree = "<group>";
		};
		B207E08B1EB042AA00BE08E8 /* Image */ = {
			isa = PBXGroup;
			children = (
				B207E08C1EB042AA00BE08E8 /* arrow_d1@2x.png */,
				B207E08D1EB042AA00BE08E8 /* arrow_d2@2x.png */,
				B207E08E1EB042AA00BE08E8 /* arrow_slt.png */,
				B207E08F1EB042AA00BE08E8 /* back@2x.png */,
				B207E0901EB042AA00BE08E8 /* bg@2x.png */,
				B207E0911EB042AA00BE08E8 /* bottom_fuj@2x.png */,
				B207E0921EB042AA00BE08E8 /* bottom_job@2x.png */,
				B207E0931EB042AA00BE08E8 /* bottom_per@3x.png */,
				B207E0941EB042AA00BE08E8 /* bottom_project@3x.png */,
				B207E0951EB042AA00BE08E8 /* bottom_talk@2x.png */,
				B207E0961EB042AA00BE08E8 /* bottom_work@3x.png */,
				B207E0971EB042AA00BE08E8 /* btn_login@2x.png */,
				B207E0981EB042AA00BE08E8 /* call@3x.png */,
				B207E0991EB042AA00BE08E8 /* choose_sub@2x.png */,
				B207E09A1EB042AA00BE08E8 /* choose_top.png */,
				B207E09B1EB042AA00BE08E8 /* empty.png */,
				B207E09C1EB042AA00BE08E8 /* fuj2@2x.png */,
				B207E09D1EB042AA00BE08E8 /* fuj@2x.png */,
				B207E09E1EB042AA00BE08E8 /* icon_local_01@2x.png */,
				B207E09F1EB042AA00BE08E8 /* icon_local_02@2x.png */,
				B207E0A01EB042AA00BE08E8 /* icon_logo@3x.png */,
				B207E0A11EB042AA00BE08E8 /* icon_set01@2x.png */,
				B207E0A21EB042AA00BE08E8 /* inputbox@2x.png */,
				B207E0A31EB042AA00BE08E8 /* job2@2x.png */,
				B207E0A41EB042AA00BE08E8 /* job@2x.png */,
				B207E0A51EB042AA00BE08E8 /* list_mode@2x.png */,
				B207E0A61EB042AA00BE08E8 /* list_user@2x.png */,
				B207E0A71EB042AA00BE08E8 /* local_pot@2x.png */,
				B207E0A81EB042AA00BE08E8 /* logo@2x.png */,
				B207E0A91EB042AA00BE08E8 /* map_zoom2@2x.png */,
				B207E0AA1EB042AA00BE08E8 /* map_zoom3@2x.png */,
				B207E0AB1EB042AA00BE08E8 /* map_zoom@2x.png */,
				B207E0AC1EB042AA00BE08E8 /* p_qz.png */,
				B207E0AD1EB042AA00BE08E8 /* password@2x.png */,
				B207E0AE1EB042AA00BE08E8 /* phoneCall.png */,
				B207E0AF1EB042AA00BE08E8 /* photo_mr@3x.jpg */,
				B207E0B01EB042AA00BE08E8 /* project_all2@2x.png */,
				B207E0B11EB042AA00BE08E8 /* project_all@2x.png */,
				B207E0B21EB042AA00BE08E8 /* project_build@2x.png */,
				B207E0B31EB042AA00BE08E8 /* project_land@2x.png */,
				B207E0B41EB042AA00BE08E8 /* project_nor@2x.png */,
				B207E0B51EB042AA00BE08E8 /* project_normal@2x.png */,
				B207E0B61EB042AA00BE08E8 /* project_other@2x.png */,
				B207E0B71EB042AA00BE08E8 /* project_river@2x.png */,
				B207E0B81EB042AA00BE08E8 /* project_road@2x.png */,
				B207E0B91EB042AA00BE08E8 /* project_slct@2x.png */,
				B207E0BA1EB042AA00BE08E8 /* project_warn@2x.png */,
				B207E0BB1EB042AA00BE08E8 /* project_warnning@2x.png */,
				B207E0BC1EB042AA00BE08E8 /* radio_check@2x.png */,
				B207E0BD1EB042AA00BE08E8 /* radio_normal@2x.png */,
				B207E0BE1EB042AA00BE08E8 /* sch_bar@2x.png */,
				B207E0BF1EB042AA00BE08E8 /* sch_icon@2x.png */,
				B207E0C01EB042AA00BE08E8 /* screen@2x.png */,
				B207E0C11EB042AA00BE08E8 /* tag_01@2x.png */,
				B207E0C21EB042AA00BE08E8 /* tag_02@2x.png */,
				B207E0C31EB042AA00BE08E8 /* tag_03@2x.png */,
				B207E0C41EB042AA00BE08E8 /* tag_04@2x.png */,
				B207E0C51EB042AA00BE08E8 /* talk2@2x.png */,
				B207E0C61EB042AA00BE08E8 /* talk@2x.png */,
				B207E0C71EB042AA00BE08E8 /* tools@2x.png */,
				B207E0C81EB042AA00BE08E8 /* user@2x.png */,
				B207E0C91EB042AA00BE08E8 /* worker@3x.png */,
				B207E0CA1EB042AA00BE08E8 /* 未读@2x.png */,
			);
			path = Image;
			sourceTree = "<group>";
		};
		B2F5357B1EAEF87900FD3428 /* Category */ = {
			isa = PBXGroup;
			children = (
				B2D440311EB188C0003FD860 /* NSUserDefaults+EcityDefaults.swift */,
				B2F5357F1EAEF90100FD3428 /* Ecity-Bridging-Header.h */,
			);
			path = Category;
			sourceTree = "<group>";
		};
		B2F535831EAF15C500FD3428 /* FirstRunManager */ = {
			isa = PBXGroup;
			children = (
				B2F535841EAF15E200FD3428 /* FirstRunManager.swift */,
			);
			path = FirstRunManager;
			sourceTree = "<group>";
		};
		B2F535861EAF21EA00FD3428 /* Model */ = {
			isa = PBXGroup;
			children = (
				B2F535951EAF2E4E00FD3428 /* Project.swift */,
			);
			path = Model;
			sourceTree = "<group>";
		};
		B2F535871EAF21F600FD3428 /* ViewModel */ = {
			isa = PBXGroup;
			children = (
			);
			path = ViewModel;
			sourceTree = "<group>";
		};
		B2F535881EAF221300FD3428 /* View */ = {
			isa = PBXGroup;
			children = (
			);
			path = View;
			sourceTree = "<group>";
		};
		B2F535981EAF356A00FD3428 /* NetWorkManager */ = {
			isa = PBXGroup;
			children = (
				B278D6D21EB07C6300A5E95D /* BaseNetWorkManager.swift */,
			);
			path = NetWorkManager;
			sourceTree = "<group>";
		};
		B2F535A21EAF453600FD3428 /* Protocol */ = {
			isa = PBXGroup;
			children = (
				B278D6D01EB07BC000A5E95D /* Ecity_Protocol.swift */,
				B2D440331EB19386003FD860 /* BaseMacroDefine.swift */,
			);
			path = Protocol;
			sourceTree = "<group>";
		};
		B2FBD5D51EAEEE610048E683 = {
			isa = PBXGroup;
			children = (
				B2FBD5E01EAEEE610048E683 /* Ecity */,
				B2FBD5F51EAEEE610048E683 /* EcityTests */,
				B2FBD6001EAEEE610048E683 /* EcityUITests */,
				B2FBD5DF1EAEEE610048E683 /* Products */,
				A494A09AE36B9E322F80907C /* Pods */,
				689F64A9BB259AF4277A0B02 /* Frameworks */,
			);
			sourceTree = "<group>";
		};
		B2FBD5DF1EAEEE610048E683 /* Products */ = {
			isa = PBXGroup;
			children = (
				B2FBD5DE1EAEEE610048E683 /* Ecity.app */,
				B2FBD5F21EAEEE610048E683 /* EcityTests.xctest */,
				B2FBD5FD1EAEEE610048E683 /* EcityUITests.xctest */,
			);
			name = Products;
			sourceTree = "<group>";
		};
		B2FBD5E01EAEEE610048E683 /* Ecity */ = {
			isa = PBXGroup;
			children = (
				B207E08B1EB042AA00BE08E8 /* Image */,
				B2F535A21EAF453600FD3428 /* Protocol */,
				B2F535981EAF356A00FD3428 /* NetWorkManager */,
				B2F535881EAF221300FD3428 /* View */,
				B2F535871EAF21F600FD3428 /* ViewModel */,
				B2F535861EAF21EA00FD3428 /* Model */,
				B2F535831EAF15C500FD3428 /* FirstRunManager */,
				B2F5357B1EAEF87900FD3428 /* Category */,
				B2FBD5E11EAEEE610048E683 /* AppDelegate.swift */,
				B2F535711EAEF08900FD3428 /* UIMainViewController.swift */,
				B2F535731EAEF13100FD3428 /* UIProjectListViewController.swift */,
				B2F535751EAEF17000FD3428 /* UIWorkViewController.swift */,
				B2F535771EAEF18200FD3428 /* UIContactViewController.swift */,
				B2F535791EAEF19100FD3428 /* UIMineViewController.swift */,
				B207E0841EB02EF600BE08E8 /* UILoginViewController.swift */,
				B207E0861EB02F1200BE08E8 /* UIRootViewController.swift */,
				B2FBD5E51EAEEE610048E683 /* Main.storyboard */,
				B2F5358F1EAF2A6B00FD3428 /* Ecity-PrefixHeader.pch */,
				B2FBD5E81EAEEE610048E683 /* Assets.xcassets */,
				B2FBD5EA1EAEEE610048E683 /* LaunchScreen.storyboard */,
				B2FBD5ED1EAEEE610048E683 /* Info.plist */,
			);
			path = Ecity;
			sourceTree = "<group>";
		};
		B2FBD5F51EAEEE610048E683 /* EcityTests */ = {
			isa = PBXGroup;
			children = (
				B2FBD5F61EAEEE610048E683 /* EcityTests.swift */,
				B2FBD5F81EAEEE610048E683 /* Info.plist */,
			);
			path = EcityTests;
			sourceTree = "<group>";
		};
		B2FBD6001EAEEE610048E683 /* EcityUITests */ = {
			isa = PBXGroup;
			children = (
				B2FBD6011EAEEE610048E683 /* EcityUITests.swift */,
				B2FBD6031EAEEE610048E683 /* Info.plist */,
			);
			path = EcityUITests;
			sourceTree = "<group>";
		};
/* End PBXGroup section */

/* Begin PBXNativeTarget section */
		B2FBD5DD1EAEEE610048E683 /* Ecity */ = {
			isa = PBXNativeTarget;
			buildConfigurationList = B2FBD6061EAEEE610048E683 /* Build configuration list for PBXNativeTarget "Ecity" */;
			buildPhases = (
				B8A45713001027167CC2CC87 /* [CP] Check Pods Manifest.lock */,
				B2FBD5DA1EAEEE610048E683 /* Sources */,
				B2FBD5DB1EAEEE610048E683 /* Frameworks */,
				B2FBD5DC1EAEEE610048E683 /* Resources */,
				5C7A0FCD60B3E3B11CD172CF /* [CP] Embed Pods Frameworks */,
				E5FD1396C82D94C98C316AF2 /* [CP] Copy Pods Resources */,
			);
			buildRules = (
			);
			dependencies = (
			);
			name = Ecity;
			productName = Ecity;
			productReference = B2FBD5DE1EAEEE610048E683 /* Ecity.app */;
			productType = "com.apple.product-type.application";
		};
		B2FBD5F11EAEEE610048E683 /* EcityTests */ = {
			isa = PBXNativeTarget;
			buildConfigurationList = B2FBD6091EAEEE610048E683 /* Build configuration list for PBXNativeTarget "EcityTests" */;
			buildPhases = (
				B2FBD5EE1EAEEE610048E683 /* Sources */,
				B2FBD5EF1EAEEE610048E683 /* Frameworks */,
				B2FBD5F01EAEEE610048E683 /* Resources */,
			);
			buildRules = (
			);
			dependencies = (
				B2FBD5F41EAEEE610048E683 /* PBXTargetDependency */,
			);
			name = EcityTests;
			productName = EcityTests;
			productReference = B2FBD5F21EAEEE610048E683 /* EcityTests.xctest */;
			productType = "com.apple.product-type.bundle.unit-test";
		};
		B2FBD5FC1EAEEE610048E683 /* EcityUITests */ = {
			isa = PBXNativeTarget;
			buildConfigurationList = B2FBD60C1EAEEE610048E683 /* Build configuration list for PBXNativeTarget "EcityUITests" */;
			buildPhases = (
				B2FBD5F91EAEEE610048E683 /* Sources */,
				B2FBD5FA1EAEEE610048E683 /* Frameworks */,
				B2FBD5FB1EAEEE610048E683 /* Resources */,
			);
			buildRules = (
			);
			dependencies = (
				B2FBD5FF1EAEEE610048E683 /* PBXTargetDependency */,
			);
			name = EcityUITests;
			productName = EcityUITests;
			productReference = B2FBD5FD1EAEEE610048E683 /* EcityUITests.xctest */;
			productType = "com.apple.product-type.bundle.ui-testing";
		};
/* End PBXNativeTarget section */

/* Begin PBXProject section */
		B2FBD5D61EAEEE610048E683 /* Project object */ = {
			isa = PBXProject;
			attributes = {
				LastSwiftUpdateCheck = 0830;
				LastUpgradeCheck = 0830;
				ORGANIZATIONNAME = Centit;
				TargetAttributes = {
					B2FBD5DD1EAEEE610048E683 = {
						CreatedOnToolsVersion = 8.3.1;
						DevelopmentTeam = T3GJXPTE2B;
						LastSwiftMigration = 0830;
						ProvisioningStyle = Automatic;
					};
					B2FBD5F11EAEEE610048E683 = {
						CreatedOnToolsVersion = 8.3.1;
						ProvisioningStyle = Automatic;
						TestTargetID = B2FBD5DD1EAEEE610048E683;
					};
					B2FBD5FC1EAEEE610048E683 = {
						CreatedOnToolsVersion = 8.3.1;
						ProvisioningStyle = Automatic;
						TestTargetID = B2FBD5DD1EAEEE610048E683;
					};
				};
			};
			buildConfigurationList = B2FBD5D91EAEEE610048E683 /* Build configuration list for PBXProject "Ecity" */;
			compatibilityVersion = "Xcode 3.2";
			developmentRegion = English;
			hasScannedForEncodings = 0;
			knownRegions = (
				en,
				Base,
			);
			mainGroup = B2FBD5D51EAEEE610048E683;
			productRefGroup = B2FBD5DF1EAEEE610048E683 /* Products */;
			projectDirPath = "";
			projectRoot = "";
			targets = (
				B2FBD5DD1EAEEE610048E683 /* Ecity */,
				B2FBD5F11EAEEE610048E683 /* EcityTests */,
				B2FBD5FC1EAEEE610048E683 /* EcityUITests */,
			);
		};
/* End PBXProject section */

/* Begin PBXResourcesBuildPhase section */
		B2FBD5DC1EAEEE610048E683 /* Resources */ = {
			isa = PBXResourcesBuildPhase;
			buildActionMask = 2147483647;
			files = (
				B2FBD5EC1EAEEE610048E683 /* LaunchScreen.storyboard in Resources */,
				B207E0FE1EB042AA00BE08E8 /* sch_icon@2x.png in Resources */,
				B207E0D21EB042AA00BE08E8 /* bottom_per@3x.png in Resources */,
				B207E0D31EB042AA00BE08E8 /* bottom_project@3x.png in Resources */,
				B207E0DE1EB042AA00BE08E8 /* icon_local_02@2x.png in Resources */,
				B207E0F31EB042AA00BE08E8 /* project_nor@2x.png in Resources */,
				B207E0EC1EB042AA00BE08E8 /* password@2x.png in Resources */,
				B207E0D61EB042AA00BE08E8 /* btn_login@2x.png in Resources */,
				B207E0DA1EB042AA00BE08E8 /* empty.png in Resources */,
				B207E0E91EB042AA00BE08E8 /* map_zoom3@2x.png in Resources */,
				B207E0CD1EB042AA00BE08E8 /* arrow_slt.png in Resources */,
				B207E0F11EB042AA00BE08E8 /* project_build@2x.png in Resources */,
				B207E0EF1EB042AA00BE08E8 /* project_all2@2x.png in Resources */,
				B207E0F71EB042AA00BE08E8 /* project_road@2x.png in Resources */,
				B207E0E51EB042AA00BE08E8 /* list_user@2x.png in Resources */,
				B207E0F81EB042AA00BE08E8 /* project_slct@2x.png in Resources */,
				B207E0DF1EB042AA00BE08E8 /* icon_logo@3x.png in Resources */,
				B207E0DC1EB042AA00BE08E8 /* fuj@2x.png in Resources */,
				B207E0FF1EB042AA00BE08E8 /* screen@2x.png in Resources */,
				B207E0EE1EB042AA00BE08E8 /* photo_mr@3x.jpg in Resources */,
				B207E1041EB042AA00BE08E8 /* talk2@2x.png in Resources */,
				B207E0D71EB042AA00BE08E8 /* call@3x.png in Resources */,
				B207E0DB1EB042AA00BE08E8 /* fuj2@2x.png in Resources */,
				B207E0F41EB042AA00BE08E8 /* project_normal@2x.png in Resources */,
				B207E1021EB042AA00BE08E8 /* tag_03@2x.png in Resources */,
				B207E0E11EB042AA00BE08E8 /* inputbox@2x.png in Resources */,
				B207E0E41EB042AA00BE08E8 /* list_mode@2x.png in Resources */,
				B207E0D91EB042AA00BE08E8 /* choose_top.png in Resources */,
				B207E0CC1EB042AA00BE08E8 /* arrow_d2@2x.png in Resources */,
				B207E0E31EB042AA00BE08E8 /* job@2x.png in Resources */,
				B207E0FA1EB042AA00BE08E8 /* project_warnning@2x.png in Resources */,
				B207E1011EB042AA00BE08E8 /* tag_02@2x.png in Resources */,
				B207E0F91EB042AA00BE08E8 /* project_warn@2x.png in Resources */,
				B207E0D51EB042AA00BE08E8 /* bottom_work@3x.png in Resources */,
				B207E1051EB042AA00BE08E8 /* talk@2x.png in Resources */,
				B207E0DD1EB042AA00BE08E8 /* icon_local_01@2x.png in Resources */,
				B207E0CE1EB042AA00BE08E8 /* back@2x.png in Resources */,
				B207E0D01EB042AA00BE08E8 /* bottom_fuj@2x.png in Resources */,
				B207E0E01EB042AA00BE08E8 /* icon_set01@2x.png in Resources */,
				B207E1071EB042AA00BE08E8 /* user@2x.png in Resources */,
				B207E0FC1EB042AA00BE08E8 /* radio_normal@2x.png in Resources */,
				B207E0D41EB042AA00BE08E8 /* bottom_talk@2x.png in Resources */,
				B207E1061EB042AA00BE08E8 /* tools@2x.png in Resources */,
				B207E0F21EB042AA00BE08E8 /* project_land@2x.png in Resources */,
				B207E0FB1EB042AA00BE08E8 /* radio_check@2x.png in Resources */,
				B207E0D81EB042AA00BE08E8 /* choose_sub@2x.png in Resources */,
				B207E0ED1EB042AA00BE08E8 /* phoneCall.png in Resources */,
				B207E1001EB042AA00BE08E8 /* tag_01@2x.png in Resources */,
				B207E0F51EB042AA00BE08E8 /* project_other@2x.png in Resources */,
				B207E0F61EB042AA00BE08E8 /* project_river@2x.png in Resources */,
				B207E0FD1EB042AA00BE08E8 /* sch_bar@2x.png in Resources */,
				B2FBD5E91EAEEE610048E683 /* Assets.xcassets in Resources */,
				B207E0E71EB042AA00BE08E8 /* logo@2x.png in Resources */,
				B207E0E21EB042AA00BE08E8 /* job2@2x.png in Resources */,
				B2FBD5E71EAEEE610048E683 /* Main.storyboard in Resources */,
				B207E1081EB042AA00BE08E8 /* worker@3x.png in Resources */,
				B207E0EB1EB042AA00BE08E8 /* p_qz.png in Resources */,
				B207E0E81EB042AA00BE08E8 /* map_zoom2@2x.png in Resources */,
				B207E0E61EB042AA00BE08E8 /* local_pot@2x.png in Resources */,
				B207E0CB1EB042AA00BE08E8 /* arrow_d1@2x.png in Resources */,
				B207E0EA1EB042AA00BE08E8 /* map_zoom@2x.png in Resources */,
				B207E0CF1EB042AA00BE08E8 /* bg@2x.png in Resources */,
				B207E1031EB042AA00BE08E8 /* tag_04@2x.png in Resources */,
				B207E1091EB042AA00BE08E8 /* 未读@2x.png in Resources */,
				B207E0F01EB042AA00BE08E8 /* project_all@2x.png in Resources */,
				B207E0D11EB042AA00BE08E8 /* bottom_job@2x.png in Resources */,
			);
			runOnlyForDeploymentPostprocessing = 0;
		};
		B2FBD5F01EAEEE610048E683 /* Resources */ = {
			isa = PBXResourcesBuildPhase;
			buildActionMask = 2147483647;
			files = (
			);
			runOnlyForDeploymentPostprocessing = 0;
		};
		B2FBD5FB1EAEEE610048E683 /* Resources */ = {
			isa = PBXResourcesBuildPhase;
			buildActionMask = 2147483647;
			files = (
			);
			runOnlyForDeploymentPostprocessing = 0;
		};
/* End PBXResourcesBuildPhase section */

/* Begin PBXShellScriptBuildPhase section */
		5C7A0FCD60B3E3B11CD172CF /* [CP] Embed Pods Frameworks */ = {
			isa = PBXShellScriptBuildPhase;
			buildActionMask = 2147483647;
			files = (
			);
			inputPaths = (
			);
			name = "[CP] Embed Pods Frameworks";
			outputPaths = (
			);
			runOnlyForDeploymentPostprocessing = 0;
			shellPath = /bin/sh;
			shellScript = "\"${SRCROOT}/Pods/Target Support Files/Pods-Ecity/Pods-Ecity-frameworks.sh\"\n";
			showEnvVarsInLog = 0;
		};
		B8A45713001027167CC2CC87 /* [CP] Check Pods Manifest.lock */ = {
			isa = PBXShellScriptBuildPhase;
			buildActionMask = 2147483647;
			files = (
			);
			inputPaths = (
			);
			name = "[CP] Check Pods Manifest.lock";
			outputPaths = (
			);
			runOnlyForDeploymentPostprocessing = 0;
			shellPath = /bin/sh;
			shellScript = "diff \"${PODS_ROOT}/../Podfile.lock\" \"${PODS_ROOT}/Manifest.lock\" > /dev/null\nif [ $? != 0 ] ; then\n    # print error to STDERR\n    echo \"error: The sandbox is not in sync with the Podfile.lock. Run 'pod install' or update your CocoaPods installation.\" >&2\n    exit 1\nfi\n";
			showEnvVarsInLog = 0;
		};
		E5FD1396C82D94C98C316AF2 /* [CP] Copy Pods Resources */ = {
			isa = PBXShellScriptBuildPhase;
			buildActionMask = 2147483647;
			files = (
			);
			inputPaths = (
			);
			name = "[CP] Copy Pods Resources";
			outputPaths = (
			);
			runOnlyForDeploymentPostprocessing = 0;
			shellPath = /bin/sh;
			shellScript = "\"${SRCROOT}/Pods/Target Support Files/Pods-Ecity/Pods-Ecity-resources.sh\"\n";
			showEnvVarsInLog = 0;
		};
/* End PBXShellScriptBuildPhase section */

/* Begin PBXSourcesBuildPhase section */
		B2FBD5DA1EAEEE610048E683 /* Sources */ = {
			isa = PBXSourcesBuildPhase;
			buildActionMask = 2147483647;
			files = (
				B278D6D11EB07BC000A5E95D /* Ecity_Protocol.swift in Sources */,
				B2F535851EAF15E200FD3428 /* FirstRunManager.swift in Sources */,
				B2F535721EAEF08900FD3428 /* UIMainViewController.swift in Sources */,
				B2F535761EAEF17000FD3428 /* UIWorkViewController.swift in Sources */,
				B207E0851EB02EF600BE08E8 /* UILoginViewController.swift in Sources */,
				B2F535741EAEF13100FD3428 /* UIProjectListViewController.swift in Sources */,
				B2FBD5E21EAEEE610048E683 /* AppDelegate.swift in Sources */,
				B2D440341EB19386003FD860 /* BaseMacroDefine.swift in Sources */,
				B278D6D31EB07C6300A5E95D /* BaseNetWorkManager.swift in Sources */,
				B2D440321EB188C0003FD860 /* NSUserDefaults+EcityDefaults.swift in Sources */,
				B2F535781EAEF18200FD3428 /* UIContactViewController.swift in Sources */,
				B207E0871EB02F1200BE08E8 /* UIRootViewController.swift in Sources */,
				B2F5357A1EAEF19100FD3428 /* UIMineViewController.swift in Sources */,
				B2F535961EAF2E4E00FD3428 /* Project.swift in Sources */,
			);
			runOnlyForDeploymentPostprocessing = 0;
		};
		B2FBD5EE1EAEEE610048E683 /* Sources */ = {
			isa = PBXSourcesBuildPhase;
			buildActionMask = 2147483647;
			files = (
				B2FBD5F71EAEEE610048E683 /* EcityTests.swift in Sources */,
			);
			runOnlyForDeploymentPostprocessing = 0;
		};
		B2FBD5F91EAEEE610048E683 /* Sources */ = {
			isa = PBXSourcesBuildPhase;
			buildActionMask = 2147483647;
			files = (
				B2FBD6021EAEEE610048E683 /* EcityUITests.swift in Sources */,
			);
			runOnlyForDeploymentPostprocessing = 0;
		};
/* End PBXSourcesBuildPhase section */

/* Begin PBXTargetDependency section */
		B2FBD5F41EAEEE610048E683 /* PBXTargetDependency */ = {
			isa = PBXTargetDependency;
			target = B2FBD5DD1EAEEE610048E683 /* Ecity */;
			targetProxy = B2FBD5F31EAEEE610048E683 /* PBXContainerItemProxy */;
		};
		B2FBD5FF1EAEEE610048E683 /* PBXTargetDependency */ = {
			isa = PBXTargetDependency;
			target = B2FBD5DD1EAEEE610048E683 /* Ecity */;
			targetProxy = B2FBD5FE1EAEEE610048E683 /* PBXContainerItemProxy */;
		};
/* End PBXTargetDependency section */

/* Begin PBXVariantGroup section */
		B2FBD5E51EAEEE610048E683 /* Main.storyboard */ = {
			isa = PBXVariantGroup;
			children = (
				B2FBD5E61EAEEE610048E683 /* Base */,
			);
			name = Main.storyboard;
			sourceTree = "<group>";
		};
		B2FBD5EA1EAEEE610048E683 /* LaunchScreen.storyboard */ = {
			isa = PBXVariantGroup;
			children = (
				B2FBD5EB1EAEEE610048E683 /* Base */,
			);
			name = LaunchScreen.storyboard;
			sourceTree = "<group>";
		};
/* End PBXVariantGroup section */

/* Begin XCBuildConfiguration section */
		B2FBD6041EAEEE610048E683 /* Debug */ = {
			isa = XCBuildConfiguration;
			baseConfigurationReference = A38E4905E4F248C7BB0BF05C /* Pods-Ecity.debug.xcconfig */;
			buildSettings = {
				ALWAYS_SEARCH_USER_PATHS = NO;
				CLANG_ANALYZER_NONNULL = YES;
				CLANG_ANALYZER_NUMBER_OBJECT_CONVERSION = YES_AGGRESSIVE;
				CLANG_CXX_LANGUAGE_STANDARD = "gnu++0x";
				CLANG_CXX_LIBRARY = "libc++";
				CLANG_ENABLE_MODULES = YES;
				CLANG_ENABLE_OBJC_ARC = YES;
				CLANG_WARN_BOOL_CONVERSION = YES;
				CLANG_WARN_CONSTANT_CONVERSION = YES;
				CLANG_WARN_DIRECT_OBJC_ISA_USAGE = YES_ERROR;
				CLANG_WARN_DOCUMENTATION_COMMENTS = YES;
				CLANG_WARN_EMPTY_BODY = YES;
				CLANG_WARN_ENUM_CONVERSION = YES;
				CLANG_WARN_INFINITE_RECURSION = YES;
				CLANG_WARN_INT_CONVERSION = YES;
				CLANG_WARN_OBJC_ROOT_CLASS = YES_ERROR;
				CLANG_WARN_SUSPICIOUS_MOVE = YES;
				CLANG_WARN_UNREACHABLE_CODE = YES;
				CLANG_WARN__DUPLICATE_METHOD_MATCH = YES;
				"CODE_SIGN_IDENTITY[sdk=iphoneos*]" = "iPhone Developer";
				COPY_PHASE_STRIP = NO;
				DEBUG_INFORMATION_FORMAT = dwarf;
				ENABLE_STRICT_OBJC_MSGSEND = YES;
				ENABLE_TESTABILITY = YES;
				GCC_C_LANGUAGE_STANDARD = gnu99;
				GCC_DYNAMIC_NO_PIC = NO;
				GCC_NO_COMMON_BLOCKS = YES;
				GCC_OPTIMIZATION_LEVEL = 0;
				GCC_PREPROCESSOR_DEFINITIONS = (
					"DEBUG=1",
					"$(inherited)",
				);
				GCC_WARN_64_TO_32_BIT_CONVERSION = YES;
				GCC_WARN_ABOUT_RETURN_TYPE = YES_ERROR;
				GCC_WARN_UNDECLARED_SELECTOR = YES;
				GCC_WARN_UNINITIALIZED_AUTOS = YES_AGGRESSIVE;
				GCC_WARN_UNUSED_FUNCTION = YES;
				GCC_WARN_UNUSED_VARIABLE = YES;
				IPHONEOS_DEPLOYMENT_TARGET = 9.0;
				MTL_ENABLE_DEBUG_INFO = YES;
				ONLY_ACTIVE_ARCH = YES;
				SDKROOT = iphoneos;
				SWIFT_ACTIVE_COMPILATION_CONDITIONS = DEBUG;
				SWIFT_OPTIMIZATION_LEVEL = "-Onone";
				TARGETED_DEVICE_FAMILY = "1,2";
			};
			name = Debug;
		};
		B2FBD6051EAEEE610048E683 /* Release */ = {
			isa = XCBuildConfiguration;
			baseConfigurationReference = AA0CD039D16F58B176F046A3 /* Pods-Ecity.release.xcconfig */;
			buildSettings = {
				ALWAYS_SEARCH_USER_PATHS = NO;
				CLANG_ANALYZER_NONNULL = YES;
				CLANG_ANALYZER_NUMBER_OBJECT_CONVERSION = YES_AGGRESSIVE;
				CLANG_CXX_LANGUAGE_STANDARD = "gnu++0x";
				CLANG_CXX_LIBRARY = "libc++";
				CLANG_ENABLE_MODULES = YES;
				CLANG_ENABLE_OBJC_ARC = YES;
				CLANG_WARN_BOOL_CONVERSION = YES;
				CLANG_WARN_CONSTANT_CONVERSION = YES;
				CLANG_WARN_DIRECT_OBJC_ISA_USAGE = YES_ERROR;
				CLANG_WARN_DOCUMENTATION_COMMENTS = YES;
				CLANG_WARN_EMPTY_BODY = YES;
				CLANG_WARN_ENUM_CONVERSION = YES;
				CLANG_WARN_INFINITE_RECURSION = YES;
				CLANG_WARN_INT_CONVERSION = YES;
				CLANG_WARN_OBJC_ROOT_CLASS = YES_ERROR;
				CLANG_WARN_SUSPICIOUS_MOVE = YES;
				CLANG_WARN_UNREACHABLE_CODE = YES;
				CLANG_WARN__DUPLICATE_METHOD_MATCH = YES;
				"CODE_SIGN_IDENTITY[sdk=iphoneos*]" = "iPhone Developer";
				COPY_PHASE_STRIP = NO;
				DEBUG_INFORMATION_FORMAT = "dwarf-with-dsym";
				ENABLE_NS_ASSERTIONS = NO;
				ENABLE_STRICT_OBJC_MSGSEND = YES;
				GCC_C_LANGUAGE_STANDARD = gnu99;
				GCC_NO_COMMON_BLOCKS = YES;
				GCC_WARN_64_TO_32_BIT_CONVERSION = YES;
				GCC_WARN_ABOUT_RETURN_TYPE = YES_ERROR;
				GCC_WARN_UNDECLARED_SELECTOR = YES;
				GCC_WARN_UNINITIALIZED_AUTOS = YES_AGGRESSIVE;
				GCC_WARN_UNUSED_FUNCTION = YES;
				GCC_WARN_UNUSED_VARIABLE = YES;
				IPHONEOS_DEPLOYMENT_TARGET = 9.0;
				MTL_ENABLE_DEBUG_INFO = NO;
				SDKROOT = iphoneos;
				SWIFT_OPTIMIZATION_LEVEL = "-Owholemodule";
				TARGETED_DEVICE_FAMILY = "1,2";
				VALIDATE_PRODUCT = YES;
			};
			name = Release;
		};
		B2FBD6071EAEEE610048E683 /* Debug */ = {
			isa = XCBuildConfiguration;
			baseConfigurationReference = A38E4905E4F248C7BB0BF05C /* Pods-Ecity.debug.xcconfig */;
			buildSettings = {
				ASSETCATALOG_COMPILER_APPICON_NAME = AppIcon;
				CLANG_ENABLE_MODULES = YES;
				DEVELOPMENT_TEAM = T3GJXPTE2B;
				GCC_PRECOMPILE_PREFIX_HEADER = YES;
				GCC_PREFIX_HEADER = "${SRCROOT}/Ecity-PrefixHeader.pch";
				INFOPLIST_FILE = Ecity/Info.plist;
				LD_RUNPATH_SEARCH_PATHS = "$(inherited) @executable_path/Frameworks";
				PRODUCT_BUNDLE_IDENTIFIER = Centit.Ecity;
				PRODUCT_NAME = "$(TARGET_NAME)";
				SWIFT_OBJC_BRIDGING_HEADER = "Ecity/Category/Ecity-Bridging-Header.h";
				SWIFT_OPTIMIZATION_LEVEL = "-Onone";
				SWIFT_VERSION = 3.0;
			};
			name = Debug;
		};
		B2FBD6081EAEEE610048E683 /* Release */ = {
			isa = XCBuildConfiguration;
			baseConfigurationReference = AA0CD039D16F58B176F046A3 /* Pods-Ecity.release.xcconfig */;
			buildSettings = {
				ASSETCATALOG_COMPILER_APPICON_NAME = AppIcon;
				CLANG_ENABLE_MODULES = YES;
				DEVELOPMENT_TEAM = T3GJXPTE2B;
				GCC_PRECOMPILE_PREFIX_HEADER = YES;
				GCC_PREFIX_HEADER = "${SRCROOT}/Ecity-PrefixHeader.pch";
				INFOPLIST_FILE = Ecity/Info.plist;
				LD_RUNPATH_SEARCH_PATHS = "$(inherited) @executable_path/Frameworks";
				PRODUCT_BUNDLE_IDENTIFIER = Centit.Ecity;
				PRODUCT_NAME = "$(TARGET_NAME)";
				SWIFT_OBJC_BRIDGING_HEADER = "Ecity/Category/Ecity-Bridging-Header.h";
				SWIFT_VERSION = 3.0;
			};
			name = Release;
		};
		B2FBD60A1EAEEE610048E683 /* Debug */ = {
			isa = XCBuildConfiguration;
			buildSettings = {
				ALWAYS_EMBED_SWIFT_STANDARD_LIBRARIES = YES;
				BUNDLE_LOADER = "$(TEST_HOST)";
				INFOPLIST_FILE = EcityTests/Info.plist;
				LD_RUNPATH_SEARCH_PATHS = "$(inherited) @executable_path/Frameworks @loader_path/Frameworks";
				PRODUCT_BUNDLE_IDENTIFIER = Centit.EcityTests;
				PRODUCT_NAME = "$(TARGET_NAME)";
				SWIFT_VERSION = 3.0;
				TEST_HOST = "$(BUILT_PRODUCTS_DIR)/Ecity.app/Ecity";
			};
			name = Debug;
		};
		B2FBD60B1EAEEE610048E683 /* Release */ = {
			isa = XCBuildConfiguration;
			buildSettings = {
				ALWAYS_EMBED_SWIFT_STANDARD_LIBRARIES = YES;
				BUNDLE_LOADER = "$(TEST_HOST)";
				INFOPLIST_FILE = EcityTests/Info.plist;
				LD_RUNPATH_SEARCH_PATHS = "$(inherited) @executable_path/Frameworks @loader_path/Frameworks";
				PRODUCT_BUNDLE_IDENTIFIER = Centit.EcityTests;
				PRODUCT_NAME = "$(TARGET_NAME)";
				SWIFT_VERSION = 3.0;
				TEST_HOST = "$(BUILT_PRODUCTS_DIR)/Ecity.app/Ecity";
			};
			name = Release;
		};
		B2FBD60D1EAEEE610048E683 /* Debug */ = {
			isa = XCBuildConfiguration;
			buildSettings = {
				ALWAYS_EMBED_SWIFT_STANDARD_LIBRARIES = YES;
				INFOPLIST_FILE = EcityUITests/Info.plist;
				LD_RUNPATH_SEARCH_PATHS = "$(inherited) @executable_path/Frameworks @loader_path/Frameworks";
				PRODUCT_BUNDLE_IDENTIFIER = Centit.EcityUITests;
				PRODUCT_NAME = "$(TARGET_NAME)";
				SWIFT_VERSION = 3.0;
				TEST_TARGET_NAME = Ecity;
			};
			name = Debug;
		};
		B2FBD60E1EAEEE610048E683 /* Release */ = {
			isa = XCBuildConfiguration;
			buildSettings = {
				ALWAYS_EMBED_SWIFT_STANDARD_LIBRARIES = YES;
				INFOPLIST_FILE = EcityUITests/Info.plist;
				LD_RUNPATH_SEARCH_PATHS = "$(inherited) @executable_path/Frameworks @loader_path/Frameworks";
				PRODUCT_BUNDLE_IDENTIFIER = Centit.EcityUITests;
				PRODUCT_NAME = "$(TARGET_NAME)";
				SWIFT_VERSION = 3.0;
				TEST_TARGET_NAME = Ecity;
			};
			name = Release;
		};
/* End XCBuildConfiguration section */

/* Begin XCConfigurationList section */
		B2FBD5D91EAEEE610048E683 /* Build configuration list for PBXProject "Ecity" */ = {
			isa = XCConfigurationList;
			buildConfigurations = (
				B2FBD6041EAEEE610048E683 /* Debug */,
				B2FBD6051EAEEE610048E683 /* Release */,
			);
			defaultConfigurationIsVisible = 0;
			defaultConfigurationName = Release;
		};
		B2FBD6061EAEEE610048E683 /* Build configuration list for PBXNativeTarget "Ecity" */ = {
			isa = XCConfigurationList;
			buildConfigurations = (
				B2FBD6071EAEEE610048E683 /* Debug */,
				B2FBD6081EAEEE610048E683 /* Release */,
			);
			defaultConfigurationIsVisible = 0;
			defaultConfigurationName = Release;
		};
		B2FBD6091EAEEE610048E683 /* Build configuration list for PBXNativeTarget "EcityTests" */ = {
			isa = XCConfigurationList;
			buildConfigurations = (
				B2FBD60A1EAEEE610048E683 /* Debug */,
				B2FBD60B1EAEEE610048E683 /* Release */,
			);
			defaultConfigurationIsVisible = 0;
			defaultConfigurationName = Release;
		};
		B2FBD60C1EAEEE610048E683 /* Build configuration list for PBXNativeTarget "EcityUITests" */ = {
			isa = XCConfigurationList;
			buildConfigurations = (
				B2FBD60D1EAEEE610048E683 /* Debug */,
				B2FBD60E1EAEEE610048E683 /* Release */,
			);
			defaultConfigurationIsVisible = 0;
			defaultConfigurationName = Release;
		};
/* End XCConfigurationList section */
	};
	rootObject = B2FBD5D61EAEEE610048E683 /* Project object */;
}
